
Microsoft Visual Studio Solution File, Format Version 12.00
# Visual Studio Version 17
VisualStudioVersion = 17.11.35208.52
MinimumVisualStudioVersion = 10.0.40219.1
Project("{FAE04EC0-301F-11D3-BF4B-00C04F79EFBC}") = "arbitrage_api", "arbitrage_api\arbitrage_api.csproj", "{0C763646-D29D-40DB-80AD-C15594C9BDCC}"
EndProject
Global
	GlobalSection(SolutionConfigurationPlatforms) = preSolution
		Debug|Any CPU = Debug|Any CPU
		Release|Any CPU = Release|Any CPU
	EndGlobalSection
	GlobalSection(ProjectConfigurationPlatforms) = postSolution
		{0C763646-D29D-40DB-80AD-C15594C9BDCC}.Debug|Any CPU.ActiveCfg = Debug|Any CPU
		{0C763646-D29D-40DB-80AD-C15594C9BDCC}.Debug|Any CPU.Build.0 = Debug|Any CPU
		{0C763646-D29D-40DB-80AD-C15594C9BDCC}.Release|Any CPU.ActiveCfg = Release|Any CPU
		{0C763646-D29D-40DB-80AD-C15594C9BDCC}.Release|Any CPU.Build.0 = Release|Any CPU
	EndGlobalSection
	GlobalSection(SolutionProperties) = preSolution
		HideSolutionNode = FALSE
	EndGlobalSection
	GlobalSection(ExtensibilityGlobals) = postSolution
		SolutionGuid = {32E08BD4-5C17-4AEC-B515-DA8C0BFC69D1}
	EndGlobalSection
EndGlobal
